
Microsoft Visual Studio Solution File, Format Version 12.00
# Visual Studio Version 17
VisualStudioVersion = 17.3.32825.248
MinimumVisualStudioVersion = 10.0.40219.1
Project("{FAE04EC0-301F-11D3-BF4B-00C04F79EFBC}") = "PuntoDeVenta.Entity", "PuntoDeVenta.Entity\PuntoDeVenta.Entity.csproj", "{7A8B8774-68FE-4E29-A5EB-25B022E08D6F}"
EndProject
Project("{FAE04EC0-301F-11D3-BF4B-00C04F79EFBC}") = "PuntoDeVenta.LogicaDeNegocio", "PuntoDeVenta.LogicaDeNegocio\PuntoDeVenta.LogicaDeNegocio.csproj", "{0FD860FE-1C7E-4EF6-97ED-EADBA86296F5}"
EndProject
Project("{FAE04EC0-301F-11D3-BF4B-00C04F79EFBC}") = "PuntoDeVenta.AccesoDatos", "PuntoDeVenta.AccesoDatos\PuntoDeVenta.AccesoDatos.csproj", "{C784BE13-A198-4FF7-B09D-9A862FFB6959}"
EndProject
Project("{FAE04EC0-301F-11D3-BF4B-00C04F79EFBC}") = "PuntoDeVenta.InsercionDependencias", "PuntoDeVenta.InsercionDependencias\PuntoDeVenta.InsercionDependencias.csproj", "{7A53F739-B382-4B13-8107-CC700981EBAB}"
EndProject
Project("{FAE04EC0-301F-11D3-BF4B-00C04F79EFBC}") = "PuntoDeVenta.AplicacionWeb", "PuntoDeVenta.AplicacionWeb\PuntoDeVenta.AplicacionWeb.csproj", "{64E6C35F-195C-4C5F-BBD7-3620E7C368B9}"
EndProject
Global
	GlobalSection(SolutionConfigurationPlatforms) = preSolution
		Debug|Any CPU = Debug|Any CPU
		Release|Any CPU = Release|Any CPU
	EndGlobalSection
	GlobalSection(ProjectConfigurationPlatforms) = postSolution
		{7A8B8774-68FE-4E29-A5EB-25B022E08D6F}.Debug|Any CPU.ActiveCfg = Debug|Any CPU
		{7A8B8774-68FE-4E29-A5EB-25B022E08D6F}.Debug|Any CPU.Build.0 = Debug|Any CPU
		{7A8B8774-68FE-4E29-A5EB-25B022E08D6F}.Release|Any CPU.ActiveCfg = Release|Any CPU
		{7A8B8774-68FE-4E29-A5EB-25B022E08D6F}.Release|Any CPU.Build.0 = Release|Any CPU
		{0FD860FE-1C7E-4EF6-97ED-EADBA86296F5}.Debug|Any CPU.ActiveCfg = Debug|Any CPU
		{0FD860FE-1C7E-4EF6-97ED-EADBA86296F5}.Debug|Any CPU.Build.0 = Debug|Any CPU
		{0FD860FE-1C7E-4EF6-97ED-EADBA86296F5}.Release|Any CPU.ActiveCfg = Release|Any CPU
		{0FD860FE-1C7E-4EF6-97ED-EADBA86296F5}.Release|Any CPU.Build.0 = Release|Any CPU
		{C784BE13-A198-4FF7-B09D-9A862FFB6959}.Debug|Any CPU.ActiveCfg = Debug|Any CPU
		{C784BE13-A198-4FF7-B09D-9A862FFB6959}.Debug|Any CPU.Build.0 = Debug|Any CPU
		{C784BE13-A198-4FF7-B09D-9A862FFB6959}.Release|Any CPU.ActiveCfg = Release|Any CPU
		{C784BE13-A198-4FF7-B09D-9A862FFB6959}.Release|Any CPU.Build.0 = Release|Any CPU
		{7A53F739-B382-4B13-8107-CC700981EBAB}.Debug|Any CPU.ActiveCfg = Debug|Any CPU
		{7A53F739-B382-4B13-8107-CC700981EBAB}.Debug|Any CPU.Build.0 = Debug|Any CPU
		{7A53F739-B382-4B13-8107-CC700981EBAB}.Release|Any CPU.ActiveCfg = Release|Any CPU
		{7A53F739-B382-4B13-8107-CC700981EBAB}.Release|Any CPU.Build.0 = Release|Any CPU
		{64E6C35F-195C-4C5F-BBD7-3620E7C368B9}.Debug|Any CPU.ActiveCfg = Debug|Any CPU
		{64E6C35F-195C-4C5F-BBD7-3620E7C368B9}.Debug|Any CPU.Build.0 = Debug|Any CPU
		{64E6C35F-195C-4C5F-BBD7-3620E7C368B9}.Release|Any CPU.ActiveCfg = Release|Any CPU
		{64E6C35F-195C-4C5F-BBD7-3620E7C368B9}.Release|Any CPU.Build.0 = Release|Any CPU
	EndGlobalSection
	GlobalSection(SolutionProperties) = preSolution
		HideSolutionNode = FALSE
	EndGlobalSection
	GlobalSection(ExtensibilityGlobals) = postSolution
		SolutionGuid = {2FB70A64-EB91-4EA5-B915-3EE51B82DBD1}
	EndGlobalSection
EndGlobal
